
Microsoft Visual Studio Solution File, Format Version 12.00
# Visual Studio Version 17
VisualStudioVersion = 17.6.33829.357
MinimumVisualStudioVersion = 10.0.40219.1
Project("{FAE04EC0-301F-11D3-BF4B-00C04F79EFBC}") = "ProjeInMemory", "ProjeInMemory.csproj", "{3E07A8E7-5AB6-4795-A95B-4E8981C371D9}"
EndProject
Global
	GlobalSection(SolutionConfigurationPlatforms) = preSolution
		Debug|Any CPU = Debug|Any CPU
		Release|Any CPU = Release|Any CPU
	EndGlobalSection
	GlobalSection(ProjectConfigurationPlatforms) = postSolution
		{3E07A8E7-5AB6-4795-A95B-4E8981C371D9}.Debug|Any CPU.ActiveCfg = Debug|Any CPU
		{3E07A8E7-5AB6-4795-A95B-4E8981C371D9}.Debug|Any CPU.Build.0 = Debug|Any CPU
		{3E07A8E7-5AB6-4795-A95B-4E8981C371D9}.Release|Any CPU.ActiveCfg = Release|Any CPU
		{3E07A8E7-5AB6-4795-A95B-4E8981C371D9}.Release|Any CPU.Build.0 = Release|Any CPU
	EndGlobalSection
	GlobalSection(SolutionProperties) = preSolution
		HideSolutionNode = FALSE
	EndGlobalSection
	GlobalSection(ExtensibilityGlobals) = postSolution
		SolutionGuid = {FAF856BC-EF30-4F93-A047-ED7A1D9377FA}
	EndGlobalSection
EndGlobal
